github.com/northberg/candlestick v0.0.18 h1:9TJfxXhlnTTeGkE3mhhShWLJ31RQAwsTcP/O33zbg2s=
github.com/northberg/candlestick v0.0.18/go.mod h1:8hO2uho1Ui9PeE0f9XLCl/csnQzH6hCUiOvHo4OrnAE=
github.com/northberg/candlestick v0.0.27 h1:JQrAC5m5jRGmSFvQ8VMaSaTp1X22zfVJMF2ujAXxFlg=
github.com/northberg/candlestick v0.0.27/go.mod h1:8hO2uho1Ui9PeE0f9XLCl/csnQzH6hCUiOvHo4OrnAE=
